speakeasyVersion: 1.643.3
sources:
    my-source:
        sourceNamespace: my-source
        sourceRevisionDigest: sha256:55d4562ba760a637efc6efcc292bc0120900d05035c9f2075e3b8776b756c8bf
        sourceBlobDigest: sha256:15b1d6915d59bb2fd4d851f8fded3d3b409954424e6ed6a0da03279ee2211a99
        tags:
            - latest
            - 0.1.0-alpha
targets:
    conductorone-python:
        source: my-source
        sourceNamespace: my-source
        sourceRevisionDigest: sha256:55d4562ba760a637efc6efcc292bc0120900d05035c9f2075e3b8776b756c8bf
        sourceBlobDigest: sha256:15b1d6915d59bb2fd4d851f8fded3d3b409954424e6ed6a0da03279ee2211a99
        codeSamplesNamespace: my-source-python-code-samples
        codeSamplesRevisionDigest: sha256:37e6be77bd38369f03cb68d81d407854828aa2a19dfdf02058452f0ce2befa1c
workflow:
    workflowVersion: 1.0.0
    speakeasyVersion: latest
    sources:
        my-source:
            inputs:
                - location: https://insulator.conductor.one/api/v1/openapi.yaml
            overlays:
                - location: ./overlay.yaml
            registry:
                location: registry.speakeasyapi.dev/conductor-one/conductorone/my-source
    targets:
        conductorone-python:
            target: python
            source: my-source
            codeSamples:
                registry:
                    location: registry.speakeasyapi.dev/conductor-one/conductorone/my-source-python-code-samples
                labelOverride:
                    fixedValue: Python (SDK)
                blocking: false
