speakeasyVersion: 1.631.5
sources:
    my-source:
        sourceNamespace: my-source
        sourceRevisionDigest: sha256:359de49108091dbc6b55d71503734ccabb5b41a06a814e5375aff36028e0eb56
        sourceBlobDigest: sha256:0355798a92cc39c961ccfb1d370b925cd2108ecaee09cf14706ae55207e0836e
        tags:
            - latest
            - 0.1.0-alpha
targets:
    conductorone-python:
        source: my-source
        sourceNamespace: my-source
        sourceRevisionDigest: sha256:359de49108091dbc6b55d71503734ccabb5b41a06a814e5375aff36028e0eb56
        sourceBlobDigest: sha256:0355798a92cc39c961ccfb1d370b925cd2108ecaee09cf14706ae55207e0836e
        codeSamplesNamespace: my-source-python-code-samples
        codeSamplesRevisionDigest: sha256:5d1e57cb57cc732f9284cac8a20aa689a7d13400720603701bedf723cab49c9a
workflow:
    workflowVersion: 1.0.0
    speakeasyVersion: latest
    sources:
        my-source:
            inputs:
                - location: https://insulator.conductor.one/api/v1/openapi.yaml
            registry:
                location: registry.speakeasyapi.dev/conductor-one/conductorone/my-source
    targets:
        conductorone-python:
            target: python
            source: my-source
            codeSamples:
                registry:
                    location: registry.speakeasyapi.dev/conductor-one/conductorone/my-source-python-code-samples
                labelOverride:
                    fixedValue: Python (SDK)
                blocking: false
